{
  "name": "tern-margin",
  "version": "0.2.0",
  "lockfileVersion": 3,
  "requires": true,
  "packages": {
    "": {
      "name": "tern-margin",
      "version": "0.2.0",
      "license": "MIT",
      "dependencies": {
        "@stencil-hq/tern": "0.1.0"
      },
      "bin": {
        "margin": "bin/margin.mjs"
      },
      "engines": {
        "node": ">=22"
      }
    },
    "node_modules/@stencil-hq/tern": {
      "version": "0.1.0",
      "resolved": "https://registry.npmjs.org/@stencil-hq/tern/-/tern-0.1.0.tgz",
      "integrity": "sha512-CVwFMnlDcLzU9NeILdpaE3jlxMgiHbKuJr3RJ4cvnBZKT03gItIuO57JvSALEbwW03bXHlfCx24u+qgDXtzJZg==",
      "license": "MIT",
      "engines": {
        "node": ">=22"
      }
    }
  }
}
